// !$*UTF8*$!
{
	archiveVersion = 1;
	classes = {
	};
	objectVersion = 55;
	objects = {

/* Begin PBXBuildFile section */
		BD2740B028ABCE040070844C /* ViewController2.swift in Sources */ = {isa = PBXBuildFile; fileRef = BD2740AF28ABCE040070844C /* ViewController2.swift */; };
		BD2740B228ABCE1C0070844C /* ViewController3.swift in Sources */ = {isa = PBXBuildFile; fileRef = BD2740B128ABCE1C0070844C /* ViewController3.swift */; };
		BD2740B428ABCFF10070844C /* ViewController4.swift in Sources */ = {isa = PBXBuildFile; fileRef = BD2740B328ABCFF10070844C /* ViewController4.swift */; };
		BD2740B828ABD17C0070844C /* ViewController5.swift in Sources */ = {isa = PBXBuildFile; fileRef = BD2740B728ABD17C0070844C /* ViewController5.swift */; };
		BD2740BA28ABD1950070844C /* ViewController6.swift in Sources */ = {isa = PBXBuildFile; fileRef = BD2740B928ABD1950070844C /* ViewController6.swift */; };
		BD2740BC28ABEC2A0070844C /* ViewController7.swift in Sources */ = {isa = PBXBuildFile; fileRef = BD2740BB28ABEC2A0070844C /* ViewController7.swift */; };
		BD2740C028AC13830070844C /* ViewController1.swift in Sources */ = {isa = PBXBuildFile; fileRef = BD2740BF28AC13830070844C /* ViewController1.swift */; };
		BDA6636E28AAE23D0041CF77 /* AppDelegate.swift in Sources */ = {isa = PBXBuildFile; fileRef = BDA6636D28AAE23D0041CF77 /* AppDelegate.swift */; };
		BDA6637028AAE23D0041CF77 /* SceneDelegate.swift in Sources */ = {isa = PBXBuildFile; fileRef = BDA6636F28AAE23D0041CF77 /* SceneDelegate.swift */; };
		BDA6637228AAE23D0041CF77 /* ViewController.swift in Sources */ = {isa = PBXBuildFile; fileRef = BDA6637128AAE23D0041CF77 /* ViewController.swift */; };
		BDA6637528AAE23D0041CF77 /* Main.storyboard in Resources */ = {isa = PBXBuildFile; fileRef = BDA6637328AAE23D0041CF77 /* Main.storyboard */; };
		BDA6637828AAE23D0041CF77 /* politiclear.xcdatamodeld in Sources */ = {isa = PBXBuildFile; fileRef = BDA6637628AAE23D0041CF77 /* politiclear.xcdatamodeld */; };
		BDA6637A28AAE23F0041CF77 /* Assets.xcassets in Resources */ = {isa = PBXBuildFile; fileRef = BDA6637928AAE23F0041CF77 /* Assets.xcassets */; };
		BDA6637D28AAE23F0041CF77 /* LaunchScreen.storyboard in Resources */ = {isa = PBXBuildFile; fileRef = BDA6637B28AAE23F0041CF77 /* LaunchScreen.storyboard */; };
/* End PBXBuildFile section */

/* Begin PBXFileReference section */
		BD2740AF28ABCE040070844C /* ViewController2.swift */ = {isa = PBXFileReference; lastKnownFileType = sourcecode.swift; path = ViewController2.swift; sourceTree = "<group>"; };
		BD2740B128ABCE1C0070844C /* ViewController3.swift */ = {isa = PBXFileReference; lastKnownFileType = sourcecode.swift; path = ViewController3.swift; sourceTree = "<group>"; };
		BD2740B328ABCFF10070844C /* ViewController4.swift */ = {isa = PBXFileReference; lastKnownFileType = sourcecode.swift; path = ViewController4.swift; sourceTree = "<group>"; };
		BD2740B728ABD17C0070844C /* ViewController5.swift */ = {isa = PBXFileReference; lastKnownFileType = sourcecode.swift; path = ViewController5.swift; sourceTree = "<group>"; };
		BD2740B928ABD1950070844C /* ViewController6.swift */ = {isa = PBXFileReference; lastKnownFileType = sourcecode.swift; path = ViewController6.swift; sourceTree = "<group>"; };
		BD2740BB28ABEC2A0070844C /* ViewController7.swift */ = {isa = PBXFileReference; lastKnownFileType = sourcecode.swift; path = ViewController7.swift; sourceTree = "<group>"; };
		BD2740BF28AC13830070844C /* ViewController1.swift */ = {isa = PBXFileReference; lastKnownFileType = sourcecode.swift; path = ViewController1.swift; sourceTree = "<group>"; };
		BDA6636A28AAE23D0041CF77 /* politiclear.app */ = {isa = PBXFileReference; explicitFileType = wrapper.application; includeInIndex = 0; path = politiclear.app; sourceTree = BUILT_PRODUCTS_DIR; };
		BDA6636D28AAE23D0041CF77 /* AppDelegate.swift */ = {isa = PBXFileReference; lastKnownFileType = sourcecode.swift; path = AppDelegate.swift; sourceTree = "<group>"; };
		BDA6636F28AAE23D0041CF77 /* SceneDelegate.swift */ = {isa = PBXFileReference; lastKnownFileType = sourcecode.swift; path = SceneDelegate.swift; sourceTree = "<group>"; };
		BDA6637128AAE23D0041CF77 /* ViewController.swift */ = {isa = PBXFileReference; lastKnownFileType = sourcecode.swift; path = ViewController.swift; sourceTree = "<group>"; };
		BDA6637428AAE23D0041CF77 /* Base */ = {isa = PBXFileReference; lastKnownFileType = file.storyboard; name = Base; path = Base.lproj/Main.storyboard; sourceTree = "<group>"; };
		BDA6637728AAE23D0041CF77 /* politiclear.xcdatamodel */ = {isa = PBXFileReference; lastKnownFileType = wrapper.xcdatamodel; path = politiclear.xcdatamodel; sourceTree = "<group>"; };
		BDA6637928AAE23F0041CF77 /* Assets.xcassets */ = {isa = PBXFileReference; lastKnownFileType = folder.assetcatalog; path = Assets.xcassets; sourceTree = "<group>"; };
		BDA6637C28AAE23F0041CF77 /* Base */ = {isa = PBXFileReference; lastKnownFileType = file.storyboard; name = Base; path = Base.lproj/LaunchScreen.storyboard; sourceTree = "<group>"; };
		BDA6637E28AAE23F0041CF77 /* Info.plist */ = {isa = PBXFileReference; lastKnownFileType = text.plist.xml; path = Info.plist; sourceTree = "<group>"; };
/* End PBXFileReference section */

/* Begin PBXFrameworksBuildPhase section */
		BDA6636728AAE23D0041CF77 /* Frameworks */ = {
			isa = PBXFrameworksBuildPhase;
			buildActionMask = 2147483647;
			files = (
			);
			runOnlyForDeploymentPostprocessing = 0;
		};
/* End PBXFrameworksBuildPhase section */

/* Begin PBXGroup section */
		BDA6636128AAE23D0041CF77 = {
			isa = PBXGroup;
			children = (
				BDA6636C28AAE23D0041CF77 /* politiclear */,
				BDA6636B28AAE23D0041CF77 /* Products */,
			);
			sourceTree = "<group>";
		};
		BDA6636B28AAE23D0041CF77 /* Products */ = {
			isa = PBXGroup;
			children = (
				BDA6636A28AAE23D0041CF77 /* politiclear.app */,
			);
			name = Products;
			sourceTree = "<group>";
		};
		BDA6636C28AAE23D0041CF77 /* politiclear */ = {
			isa = PBXGroup;
			children = (
				BDA6636D28AAE23D0041CF77 /* AppDelegate.swift */,
				BDA6636F28AAE23D0041CF77 /* SceneDelegate.swift */,
				BDA6637128AAE23D0041CF77 /* ViewController.swift */,
				BDA6637328AAE23D0041CF77 /* Main.storyboard */,
				BD2740BF28AC13830070844C /* ViewController1.swift */,
				BD2740BB28ABEC2A0070844C /* ViewController7.swift */,
				BD2740B928ABD1950070844C /* ViewController6.swift */,
				BD2740B328ABCFF10070844C /* ViewController4.swift */,
				BD2740AF28ABCE040070844C /* ViewController2.swift */,
				BD2740B128ABCE1C0070844C /* ViewController3.swift */,
				BDA6637928AAE23F0041CF77 /* Assets.xcassets */,
				BDA6637B28AAE23F0041CF77 /* LaunchScreen.storyboard */,
				BDA6637E28AAE23F0041CF77 /* Info.plist */,
				BDA6637628AAE23D0041CF77 /* politiclear.xcdatamodeld */,
				BD2740B728ABD17C0070844C /* ViewController5.swift */,
			);
			path = politiclear;
			sourceTree = "<group>";
		};
/* End PBXGroup section */

/* Begin PBXNativeTarget section */
		BDA6636928AAE23D0041CF77 /* politiclear */ = {
			isa = PBXNativeTarget;
			buildConfigurationList = BDA6638128AAE23F0041CF77 /* Build configuration list for PBXNativeTarget "politiclear" */;
			buildPhases = (
				BDA6636628AAE23D0041CF77 /* Sources */,
				BDA6636728AAE23D0041CF77 /* Frameworks */,
				BDA6636828AAE23D0041CF77 /* Resources */,
			);
			buildRules = (
			);
			dependencies = (
			);
			name = politiclear;
			productName = politiclear;
			productReference = BDA6636A28AAE23D0041CF77 /* politiclear.app */;
			productType = "com.apple.product-type.application";
		};
/* End PBXNativeTarget section */

/* Begin PBXProject section */
		BDA6636228AAE23D0041CF77 /* Project object */ = {
			isa = PBXProject;
			attributes = {
				BuildIndependentTargetsInParallel = 1;
				LastSwiftUpdateCheck = 1340;
				LastUpgradeCheck = 1340;
				TargetAttributes = {
					BDA6636928AAE23D0041CF77 = {
						CreatedOnToolsVersion = 13.4.1;
					};
				};
			};
			buildConfigurationList = BDA6636528AAE23D0041CF77 /* Build configuration list for PBXProject "politiclear" */;
			compatibilityVersion = "Xcode 13.0";
			developmentRegion = en;
			hasScannedForEncodings = 0;
			knownRegions = (
				en,
				Base,
			);
			mainGroup = BDA6636128AAE23D0041CF77;
			productRefGroup = BDA6636B28AAE23D0041CF77 /* Products */;
			projectDirPath = "";
			projectRoot = "";
			targets = (
				BDA6636928AAE23D0041CF77 /* politiclear */,
			);
		};
/* End PBXProject section */

/* Begin PBXResourcesBuildPhase section */
		BDA6636828AAE23D0041CF77 /* Resources */ = {
			isa = PBXResourcesBuildPhase;
			buildActionMask = 2147483647;
			files = (
				BDA6637D28AAE23F0041CF77 /* LaunchScreen.storyboard in Resources */,
				BDA6637A28AAE23F0041CF77 /* Assets.xcassets in Resources */,
				BDA6637528AAE23D0041CF77 /* Main.storyboard in Resources */,
			);
			runOnlyForDeploymentPostprocessing = 0;
		};
/* End PBXResourcesBuildPhase section */

/* Begin PBXSourcesBuildPhase section */
		BDA6636628AAE23D0041CF77 /* Sources */ = {
			isa = PBXSourcesBuildPhase;
			buildActionMask = 2147483647;
			files = (
				BD2740B028ABCE040070844C /* ViewController2.swift in Sources */,
				BD2740B428ABCFF10070844C /* ViewController4.swift in Sources */,
				BD2740C028AC13830070844C /* ViewController1.swift in Sources */,
				BDA6637828AAE23D0041CF77 /* politiclear.xcdatamodeld in Sources */,
				BD2740B228ABCE1C0070844C /* ViewController3.swift in Sources */,
				BD2740B828ABD17C0070844C /* ViewController5.swift in Sources */,
				BDA6637228AAE23D0041CF77 /* ViewController.swift in Sources */,
				BD2740BA28ABD1950070844C /* ViewController6.swift in Sources */,
				BDA6636E28AAE23D0041CF77 /* AppDelegate.swift in Sources */,
				BD2740BC28ABEC2A0070844C /* ViewController7.swift in Sources */,
				BDA6637028AAE23D0041CF77 /* SceneDelegate.swift in Sources */,
			);
			runOnlyForDeploymentPostprocessing = 0;
		};
/* End PBXSourcesBuildPhase section */

/* Begin PBXVariantGroup section */
		BDA6637328AAE23D0041CF77 /* Main.storyboard */ = {
			isa = PBXVariantGroup;
			children = (
				BDA6637428AAE23D0041CF77 /* Base */,
			);
			name = Main.storyboard;
			sourceTree = "<group>";
		};
		BDA6637B28AAE23F0041CF77 /* LaunchScreen.storyboard */ = {
			isa = PBXVariantGroup;
			children = (
				BDA6637C28AAE23F0041CF77 /* Base */,
			);
			name = LaunchScreen.storyboard;
			sourceTree = "<group>";
		};
/* End PBXVariantGroup section */

/* Begin XCBuildConfiguration section */
		BDA6637F28AAE23F0041CF77 /* Debug */ = {
			isa = XCBuildConfiguration;
			buildSettings = {
				ALWAYS_SEARCH_USER_PATHS = NO;
				CLANG_ANALYZER_NONNULL = YES;
				CLANG_ANALYZER_NUMBER_OBJECT_CONVERSION = YES_AGGRESSIVE;
				CLANG_CXX_LANGUAGE_STANDARD = "gnu++17";
				CLANG_ENABLE_MODULES = YES;
				CLANG_ENABLE_OBJC_ARC = YES;
				CLANG_ENABLE_OBJC_WEAK = YES;
				CLANG_WARN_BLOCK_CAPTURE_AUTORELEASING = YES;
				CLANG_WARN_BOOL_CONVERSION = YES;
				CLANG_WARN_COMMA = YES;
				CLANG_WARN_CONSTANT_CONVERSION = YES;
				CLANG_WARN_DEPRECATED_OBJC_IMPLEMENTATIONS = YES;
				CLANG_WARN_DIRECT_OBJC_ISA_USAGE = YES_ERROR;
				CLANG_WARN_DOCUMENTATION_COMMENTS = YES;
				CLANG_WARN_EMPTY_BODY = YES;
				CLANG_WARN_ENUM_CONVERSION = YES;
				CLANG_WARN_INFINITE_RECURSION = YES;
				CLANG_WARN_INT_CONVERSION = YES;
				CLANG_WARN_NON_LITERAL_NULL_CONVERSION = YES;
				CLANG_WARN_OBJC_IMPLICIT_RETAIN_SELF = YES;
				CLANG_WARN_OBJC_LITERAL_CONVERSION = YES;
				CLANG_WARN_OBJC_ROOT_CLASS = YES_ERROR;
				CLANG_WARN_QUOTED_INCLUDE_IN_FRAMEWORK_HEADER = YES;
				CLANG_WARN_RANGE_LOOP_ANALYSIS = YES;
				CLANG_WARN_STRICT_PROTOTYPES = YES;
				CLANG_WARN_SUSPICIOUS_MOVE = YES;
				CLANG_WARN_UNGUARDED_AVAILABILITY = YES_AGGRESSIVE;
				CLANG_WARN_UNREACHABLE_CODE = YES;
				CLANG_WARN__DUPLICATE_METHOD_MATCH = YES;
				COPY_PHASE_STRIP = NO;
				DEBUG_INFORMATION_FORMAT = dwarf;
				ENABLE_STRICT_OBJC_MSGSEND = YES;
				ENABLE_TESTABILITY = YES;
				GCC_C_LANGUAGE_STANDARD = gnu11;
				GCC_DYNAMIC_NO_PIC = NO;
				GCC_NO_COMMON_BLOCKS = YES;
				GCC_OPTIMIZATION_LEVEL = 0;
				GCC_PREPROCESSOR_DEFINITIONS = (
					"DEBUG=1",
					"$(inherited)",
				);
				GCC_WARN_64_TO_32_BIT_CONVERSION = YES;
				GCC_WARN_ABOUT_RETURN_TYPE = YES_ERROR;
				GCC_WARN_UNDECLARED_SELECTOR = YES;
				GCC_WARN_UNINITIALIZED_AUTOS = YES_AGGRESSIVE;
				GCC_WARN_UNUSED_FUNCTION = YES;
				GCC_WARN_UNUSED_VARIABLE = YES;
				IPHONEOS_DEPLOYMENT_TARGET = 15.5;
				MTL_ENABLE_DEBUG_INFO = INCLUDE_SOURCE;
				MTL_FAST_MATH = YES;
				ONLY_ACTIVE_ARCH = YES;
				SDKROOT = iphoneos;
				SWIFT_ACTIVE_COMPILATION_CONDITIONS = DEBUG;
				SWIFT_OPTIMIZATION_LEVEL = "-Onone";
			};
			name = Debug;
		};
		BDA6638028AAE23F0041CF77 /* Release */ = {
			isa = XCBuildConfiguration;
			buildSettings = {
				ALWAYS_SEARCH_USER_PATHS = NO;
				CLANG_ANALYZER_NONNULL = YES;
				CLANG_ANALYZER_NUMBER_OBJECT_CONVERSION = YES_AGGRESSIVE;
				CLANG_CXX_LANGUAGE_STANDARD = "gnu++17";
				CLANG_ENABLE_MODULES = YES;
				CLANG_ENABLE_OBJC_ARC = YES;
				CLANG_ENABLE_OBJC_WEAK = YES;
				CLANG_WARN_BLOCK_CAPTURE_AUTORELEASING = YES;
				CLANG_WARN_BOOL_CONVERSION = YES;
				CLANG_WARN_COMMA = YES;
				CLANG_WARN_CONSTANT_CONVERSION = YES;
				CLANG_WARN_DEPRECATED_OBJC_IMPLEMENTATIONS = YES;
				CLANG_WARN_DIRECT_OBJC_ISA_USAGE = YES_ERROR;
				CLANG_WARN_DOCUMENTATION_COMMENTS = YES;
				CLANG_WARN_EMPTY_BODY = YES;
				CLANG_WARN_ENUM_CONVERSION = YES;
				CLANG_WARN_INFINITE_RECURSION = YES;
				CLANG_WARN_INT_CONVERSION = YES;
				CLANG_WARN_NON_LITERAL_NULL_CONVERSION = YES;
				CLANG_WARN_OBJC_IMPLICIT_RETAIN_SELF = YES;
				CLANG_WARN_OBJC_LITERAL_CONVERSION = YES;
				CLANG_WARN_OBJC_ROOT_CLASS = YES_ERROR;
				CLANG_WARN_QUOTED_INCLUDE_IN_FRAMEWORK_HEADER = YES;
				CLANG_WARN_RANGE_LOOP_ANALYSIS = YES;
				CLANG_WARN_STRICT_PROTOTYPES = YES;
				CLANG_WARN_SUSPICIOUS_MOVE = YES;
				CLANG_WARN_UNGUARDED_AVAILABILITY = YES_AGGRESSIVE;
				CLANG_WARN_UNREACHABLE_CODE = YES;
				CLANG_WARN__DUPLICATE_METHOD_MATCH = YES;
				COPY_PHASE_STRIP = NO;
				DEBUG_INFORMATION_FORMAT = "dwarf-with-dsym";
				ENABLE_NS_ASSERTIONS = NO;
				ENABLE_STRICT_OBJC_MSGSEND = YES;
				GCC_C_LANGUAGE_STANDARD = gnu11;
				GCC_NO_COMMON_BLOCKS = YES;
				GCC_WARN_64_TO_32_BIT_CONVERSION = YES;
				GCC_WARN_ABOUT_RETURN_TYPE = YES_ERROR;
				GCC_WARN_UNDECLARED_SELECTOR = YES;
				GCC_WARN_UNINITIALIZED_AUTOS = YES_AGGRESSIVE;
				GCC_WARN_UNUSED_FUNCTION = YES;
				GCC_WARN_UNUSED_VARIABLE = YES;
				IPHONEOS_DEPLOYMENT_TARGET = 15.5;
				MTL_ENABLE_DEBUG_INFO = NO;
				MTL_FAST_MATH = YES;
				SDKROOT = iphoneos;
				SWIFT_COMPILATION_MODE = wholemodule;
				SWIFT_OPTIMIZATION_LEVEL = "-O";
				VALIDATE_PRODUCT = YES;
			};
			name = Release;
		};
		BDA6638228AAE23F0041CF77 /* Debug */ = {
			isa = XCBuildConfiguration;
			buildSettings = {
				ASSETCATALOG_COMPILER_APPICON_NAME = AppIcon;
				ASSETCATALOG_COMPILER_GLOBAL_ACCENT_COLOR_NAME = AccentColor;
				CODE_SIGN_STYLE = Automatic;
				CURRENT_PROJECT_VERSION = 1;
				GENERATE_INFOPLIST_FILE = YES;
				INFOPLIST_FILE = politiclear/Info.plist;
				INFOPLIST_KEY_UIApplicationSupportsIndirectInputEvents = YES;
				INFOPLIST_KEY_UILaunchStoryboardName = LaunchScreen;
				INFOPLIST_KEY_UIMainStoryboardFile = Main;
				INFOPLIST_KEY_UISupportedInterfaceOrientations_iPad = "UIInterfaceOrientationPortrait UIInterfaceOrientationPortraitUpsideDown UIInterfaceOrientationLandscapeLeft UIInterfaceOrientationLandscapeRight";
				INFOPLIST_KEY_UISupportedInterfaceOrientations_iPhone = "UIInterfaceOrientationPortrait UIInterfaceOrientationLandscapeLeft UIInterfaceOrientationLandscapeRight";
				LD_RUNPATH_SEARCH_PATHS = (
					"$(inherited)",
					"@executable_path/Frameworks",
				);
				MARKETING_VERSION = 1.0;
				PRODUCT_BUNDLE_IDENTIFIER = kwk.politiclear;
				PRODUCT_NAME = "$(TARGET_NAME)";
				SWIFT_EMIT_LOC_STRINGS = YES;
				SWIFT_VERSION = 5.0;
				TARGETED_DEVICE_FAMILY = "1,2";
			};
			name = Debug;
		};
		BDA6638328AAE23F0041CF77 /* Release */ = {
			isa = XCBuildConfiguration;
			buildSettings = {
				ASSETCATALOG_COMPILER_APPICON_NAME = AppIcon;
				ASSETCATALOG_COMPILER_GLOBAL_ACCENT_COLOR_NAME = AccentColor;
				CODE_SIGN_STYLE = Automatic;
				CURRENT_PROJECT_VERSION = 1;
				GENERATE_INFOPLIST_FILE = YES;
				INFOPLIST_FILE = politiclear/Info.plist;
				INFOPLIST_KEY_UIApplicationSupportsIndirectInputEvents = YES;
				INFOPLIST_KEY_UILaunchStoryboardName = LaunchScreen;
				INFOPLIST_KEY_UIMainStoryboardFile = Main;
				INFOPLIST_KEY_UISupportedInterfaceOrientations_iPad = "UIInterfaceOrientationPortrait UIInterfaceOrientationPortraitUpsideDown UIInterfaceOrientationLandscapeLeft UIInterfaceOrientationLandscapeRight";
				INFOPLIST_KEY_UISupportedInterfaceOrientations_iPhone = "UIInterfaceOrientationPortrait UIInterfaceOrientationLandscapeLeft UIInterfaceOrientationLandscapeRight";
				LD_RUNPATH_SEARCH_PATHS = (
					"$(inherited)",
					"@executable_path/Frameworks",
				);
				MARKETING_VERSION = 1.0;
				PRODUCT_BUNDLE_IDENTIFIER = kwk.politiclear;
				PRODUCT_NAME = "$(TARGET_NAME)";
				SWIFT_EMIT_LOC_STRINGS = YES;
				SWIFT_VERSION = 5.0;
				TARGETED_DEVICE_FAMILY = "1,2";
			};
			name = Release;
		};
/* End XCBuildConfiguration section */

/* Begin XCConfigurationList section */
		BDA6636528AAE23D0041CF77 /* Build configuration list for PBXProject "politiclear" */ = {
			isa = XCConfigurationList;
			buildConfigurations = (
				BDA6637F28AAE23F0041CF77 /* Debug */,
				BDA6638028AAE23F0041CF77 /* Release */,
			);
			defaultConfigurationIsVisible = 0;
			defaultConfigurationName = Release;
		};
		BDA6638128AAE23F0041CF77 /* Build configuration list for PBXNativeTarget "politiclear" */ = {
			isa = XCConfigurationList;
			buildConfigurations = (
				BDA6638228AAE23F0041CF77 /* Debug */,
				BDA6638328AAE23F0041CF77 /* Release */,
			);
			defaultConfigurationIsVisible = 0;
			defaultConfigurationName = Release;
		};
/* End XCConfigurationList section */

/* Begin XCVersionGroup section */
		BDA6637628AAE23D0041CF77 /* politiclear.xcdatamodeld */ = {
			isa = XCVersionGroup;
			children = (
				BDA6637728AAE23D0041CF77 /* politiclear.xcdatamodel */,
			);
			currentVersion = BDA6637728AAE23D0041CF77 /* politiclear.xcdatamodel */;
			path = politiclear.xcdatamodeld;
			sourceTree = "<group>";
			versionGroupType = wrapper.xcdatamodel;
		};
/* End XCVersionGroup section */
	};
	rootObject = BDA6636228AAE23D0041CF77 /* Project object */;
}
